{
  "name": "MessageSlackProject",
  "lockfileVersion": 3,
  "requires": true,
  "packages": {
    "": {
      "dependencies": {
        "lucide-react": "^0.475.0"
      }
    },
    "node_modules/.pnpm/autoprefixer@10.4.20_postcss@8.5.2": {
      "extraneous": true
    },
    "node_modules/.pnpm/browserslist@4.24.4": {
      "extraneous": true
    },
    "node_modules/.pnpm/caniuse-lite@1.0.30001700/node_modules/caniuse-lite": {
      "version": "1.0.30001700",
      "extraneous": true,
      "funding": [
        {
          "type": "opencollective",
          "url": "https://opencollective.com/browserslist"
        },
        {
          "type": "tidelift",
          "url": "https://tidelift.com/funding/github/npm/caniuse-lite"
        },
        {
          "type": "github",
          "url": "https://github.com/sponsors/ai"
        }
      ],
      "license": "CC-BY-4.0"
    },
    "node_modules/.pnpm/electron-to-chromium@1.5.102/node_modules/electron-to-chromium": {
      "version": "1.5.102",
      "extraneous": true,
      "license": "ISC",
      "devDependencies": {
        "ava": "^5.1.1",
        "codecov": "^3.8.2",
        "compare-versions": "^6.0.0-rc.1",
        "node-fetch": "^3.3.0",
        "nyc": "^15.1.0",
        "shelljs": "^0.8.5"
      }
    },
    "node_modules/.pnpm/escalade@3.2.0/node_modules/escalade": {
      "version": "3.2.0",
      "extraneous": true,
      "license": "MIT",
      "devDependencies": {
        "bundt": "1.1.1",
        "esm": "3.2.25",
        "uvu": "0.3.3"
      },
      "engines": {
        "node": ">=6"
      }
    },
    "node_modules/.pnpm/fraction.js@4.3.7/node_modules/fraction.js": {
      "version": "4.3.7",
      "extraneous": true,
      "license": "MIT",
      "devDependencies": {
        "mocha": "*"
      },
      "engines": {
        "node": "*"
      },
      "funding": {
        "type": "patreon",
        "url": "https://github.com/sponsors/rawify"
      }
    },
    "node_modules/.pnpm/nanoid@3.3.8/node_modules/nanoid": {
      "version": "3.3.8",
      "extraneous": true,
      "funding": [
        {
          "type": "github",
          "url": "https://github.com/sponsors/ai"
        }
      ],
      "license": "MIT",
      "bin": {
        "nanoid": "bin/nanoid.cjs"
      },
      "engines": {
        "node": "^10 || ^12 || ^13.7 || ^14 || >=15.0.1"
      }
    },
    "node_modules/.pnpm/node-releases@2.0.19/node_modules/node-releases": {
      "version": "2.0.19",
      "extraneous": true,
      "license": "MIT",
      "devDependencies": {
        "semver": "^7.3.5"
      }
    },
    "node_modules/.pnpm/normalize-range@0.1.2/node_modules/normalize-range": {
      "version": "0.1.2",
      "extraneous": true,
      "license": "MIT",
      "devDependencies": {
        "almost-equal": "^1.0.0",
        "codeclimate-test-reporter": "^0.1.0",
        "coveralls": "^2.11.2",
        "istanbul": "^0.3.17",
        "jscs": "^2.1.1",
        "jshint": "^2.8.0",
        "jshint-stylish": "^2.0.1",
        "mocha": "^2.2.5",
        "stringify-pi": "0.0.3"
      },
      "engines": {
        "node": ">=0.10.0"
      }
    },
    "node_modules/.pnpm/picocolors@1.1.1/node_modules/picocolors": {
      "version": "1.1.1",
      "extraneous": true,
      "license": "ISC"
    },
    "node_modules/.pnpm/postcss-value-parser@4.2.0/node_modules/postcss-value-parser": {
      "version": "4.2.0",
      "extraneous": true,
      "license": "MIT",
      "devDependencies": {
        "eslint": "^5.16.0",
        "husky": "^2.3.0",
        "lint-staged": "^8.1.7",
        "prettier": "^1.17.1",
        "tap-spec": "^5.0.0",
        "tape": "^4.10.2"
      }
    },
    "node_modules/.pnpm/postcss@8.5.2": {
      "extraneous": true
    },
    "node_modules/.pnpm/source-map-js@1.2.1/node_modules/source-map-js": {
      "version": "1.2.1",
      "extraneous": true,
      "license": "BSD-3-Clause",
      "devDependencies": {
        "clean-publish": "^3.1.0",
        "doctoc": "^0.15.0",
        "webpack": "^1.12.0"
      },
      "engines": {
        "node": ">=0.10.0"
      }
    },
    "node_modules/.pnpm/tailwindcss@4.0.7/node_modules/tailwindcss": {
      "version": "4.0.7",
      "extraneous": true,
      "license": "MIT",
      "devDependencies": {
        "@tailwindcss/oxide": "^4.0.7",
        "@types/node": "^20.14.8",
        "dedent": "1.5.3",
        "lightningcss": "^1.29.1"
      }
    },
    "node_modules/.pnpm/update-browserslist-db@1.1.2_browserslist@4.24.4": {
      "extraneous": true
    },
    "node_modules/lucide-react": {
      "version": "0.475.0",
      "resolved": "https://registry.npmjs.org/lucide-react/-/lucide-react-0.475.0.tgz",
      "integrity": "sha512-NJzvVu1HwFVeZ+Gwq2q00KygM1aBhy/ZrhY9FsAgJtpB+E4R7uxRk9M2iKvHa6/vNxZydIB59htha4c2vvwvVg==",
      "license": "ISC",
      "peerDependencies": {
        "react": "^16.5.1 || ^17.0.0 || ^18.0.0 || ^19.0.0"
      }
    },
    "node_modules/react": {
      "version": "19.0.0",
      "resolved": "https://registry.npmjs.org/react/-/react-19.0.0.tgz",
      "integrity": "sha512-V8AVnmPIICiWpGfm6GLzCR/W5FXLchHop40W4nXBmdlEceh16rCN8O8LNWm5bh5XUX91fh7KpA+W0TgMKmgTpQ==",
      "license": "MIT",
      "peer": true,
      "engines": {
        "node": ">=0.10.0"
      }
    }
  }
}
