{
  "name": "MessageSlackProject",
  "lockfileVersion": 3,
  "requires": true,
  "packages": {
    "": {
      "dependencies": {
        "@types/quill": "^2.0.14",
        "lucide-react": "^0.475.0",
        "quill": "^2.0.3"
      }
    },
    "node_modules/.pnpm/autoprefixer@10.4.20_postcss@8.5.2": {
      "extraneous": true
    },
    "node_modules/.pnpm/browserslist@4.24.4": {
      "extraneous": true
    },
    "node_modules/.pnpm/caniuse-lite@1.0.30001700/node_modules/caniuse-lite": {
      "version": "1.0.30001700",
      "extraneous": true,
      "funding": [
        {
          "type": "opencollective",
          "url": "https://opencollective.com/browserslist"
        },
        {
          "type": "tidelift",
          "url": "https://tidelift.com/funding/github/npm/caniuse-lite"
        },
        {
          "type": "github",
          "url": "https://github.com/sponsors/ai"
        }
      ],
      "license": "CC-BY-4.0"
    },
    "node_modules/.pnpm/electron-to-chromium@1.5.102/node_modules/electron-to-chromium": {
      "version": "1.5.102",
      "extraneous": true,
      "license": "ISC",
      "devDependencies": {
        "ava": "^5.1.1",
        "codecov": "^3.8.2",
        "compare-versions": "^6.0.0-rc.1",
        "node-fetch": "^3.3.0",
        "nyc": "^15.1.0",
        "shelljs": "^0.8.5"
      }
    },
    "node_modules/.pnpm/escalade@3.2.0/node_modules/escalade": {
      "version": "3.2.0",
      "extraneous": true,
      "license": "MIT",
      "devDependencies": {
        "bundt": "1.1.1",
        "esm": "3.2.25",
        "uvu": "0.3.3"
      },
      "engines": {
        "node": ">=6"
      }
    },
    "node_modules/.pnpm/fraction.js@4.3.7/node_modules/fraction.js": {
      "version": "4.3.7",
      "extraneous": true,
      "license": "MIT",
      "devDependencies": {
        "mocha": "*"
      },
      "engines": {
        "node": "*"
      },
      "funding": {
        "type": "patreon",
        "url": "https://github.com/sponsors/rawify"
      }
    },
    "node_modules/.pnpm/nanoid@3.3.8/node_modules/nanoid": {
      "version": "3.3.8",
      "extraneous": true,
      "funding": [
        {
          "type": "github",
          "url": "https://github.com/sponsors/ai"
        }
      ],
      "license": "MIT",
      "bin": {
        "nanoid": "bin/nanoid.cjs"
      },
      "engines": {
        "node": "^10 || ^12 || ^13.7 || ^14 || >=15.0.1"
      }
    },
    "node_modules/.pnpm/node-releases@2.0.19/node_modules/node-releases": {
      "version": "2.0.19",
      "extraneous": true,
      "license": "MIT",
      "devDependencies": {
        "semver": "^7.3.5"
      }
    },
    "node_modules/.pnpm/normalize-range@0.1.2/node_modules/normalize-range": {
      "version": "0.1.2",
      "extraneous": true,
      "license": "MIT",
      "devDependencies": {
        "almost-equal": "^1.0.0",
        "codeclimate-test-reporter": "^0.1.0",
        "coveralls": "^2.11.2",
        "istanbul": "^0.3.17",
        "jscs": "^2.1.1",
        "jshint": "^2.8.0",
        "jshint-stylish": "^2.0.1",
        "mocha": "^2.2.5",
        "stringify-pi": "0.0.3"
      },
      "engines": {
        "node": ">=0.10.0"
      }
    },
    "node_modules/.pnpm/picocolors@1.1.1/node_modules/picocolors": {
      "version": "1.1.1",
      "extraneous": true,
      "license": "ISC"
    },
    "node_modules/.pnpm/postcss-value-parser@4.2.0/node_modules/postcss-value-parser": {
      "version": "4.2.0",
      "extraneous": true,
      "license": "MIT",
      "devDependencies": {
        "eslint": "^5.16.0",
        "husky": "^2.3.0",
        "lint-staged": "^8.1.7",
        "prettier": "^1.17.1",
        "tap-spec": "^5.0.0",
        "tape": "^4.10.2"
      }
    },
    "node_modules/.pnpm/postcss@8.5.2": {
      "extraneous": true
    },
    "node_modules/.pnpm/source-map-js@1.2.1/node_modules/source-map-js": {
      "version": "1.2.1",
      "extraneous": true,
      "license": "BSD-3-Clause",
      "devDependencies": {
        "clean-publish": "^3.1.0",
        "doctoc": "^0.15.0",
        "webpack": "^1.12.0"
      },
      "engines": {
        "node": ">=0.10.0"
      }
    },
    "node_modules/.pnpm/tailwindcss@4.0.7/node_modules/tailwindcss": {
      "version": "4.0.7",
      "extraneous": true,
      "license": "MIT",
      "devDependencies": {
        "@tailwindcss/oxide": "^4.0.7",
        "@types/node": "^20.14.8",
        "dedent": "1.5.3",
        "lightningcss": "^1.29.1"
      }
    },
    "node_modules/.pnpm/update-browserslist-db@1.1.2_browserslist@4.24.4": {
      "extraneous": true
    },
    "node_modules/@types/quill": {
      "version": "2.0.14",
      "resolved": "https://registry.npmjs.org/@types/quill/-/quill-2.0.14.tgz",
      "integrity": "sha512-zvoXCRnc2Dl8g+7/9VSAmRWPN6oH+MVhTPizmCR+GJCITplZ5VRVzMs4+a/nOE3yzNwEZqylJJrMB07bwbM1/g==",
      "license": "MIT",
      "dependencies": {
        "parchment": "^1.1.2",
        "quill-delta": "^5.1.0"
      }
    },
    "node_modules/eventemitter3": {
      "version": "5.0.1",
      "resolved": "https://registry.npmjs.org/eventemitter3/-/eventemitter3-5.0.1.tgz",
      "integrity": "sha512-GWkBvjiSZK87ELrYOSESUYeVIc9mvLLf/nXalMOS5dYrgZq9o5OVkbZAVM06CVxYsCwH9BDZFPlQTlPA1j4ahA==",
      "license": "MIT"
    },
    "node_modules/fast-diff": {
      "version": "1.3.0",
      "resolved": "https://registry.npmjs.org/fast-diff/-/fast-diff-1.3.0.tgz",
      "integrity": "sha512-VxPP4NqbUjj6MaAOafWeUn2cXWLcCtljklUtZf0Ind4XQ+QPtmA0b18zZy0jIQx+ExRVCR/ZQpBmik5lXshNsw==",
      "license": "Apache-2.0"
    },
    "node_modules/lodash-es": {
      "version": "4.17.21",
      "resolved": "https://registry.npmjs.org/lodash-es/-/lodash-es-4.17.21.tgz",
      "integrity": "sha512-mKnC+QJ9pWVzv+C4/U3rRsHapFfHvQFoFB92e52xeyGMcX6/OlIl78je1u8vePzYZSkkogMPJ2yjxxsb89cxyw==",
      "license": "MIT"
    },
    "node_modules/lodash.clonedeep": {
      "version": "4.5.0",
      "resolved": "https://registry.npmjs.org/lodash.clonedeep/-/lodash.clonedeep-4.5.0.tgz",
      "integrity": "sha512-H5ZhCF25riFd9uB5UCkVKo61m3S/xZk1x4wA6yp/L3RFP6Z/eHH1ymQcGLo7J3GMPfm0V/7m1tryHuGVxpqEBQ==",
      "license": "MIT"
    },
    "node_modules/lodash.isequal": {
      "version": "4.5.0",
      "resolved": "https://registry.npmjs.org/lodash.isequal/-/lodash.isequal-4.5.0.tgz",
      "integrity": "sha512-pDo3lu8Jhfjqls6GkMgpahsF9kCyayhgykjyLMNFTKWrpVdAQtYyB4muAMWozBB4ig/dtWAmsMxLEI8wuz+DYQ==",
      "deprecated": "This package is deprecated. Use require('node:util').isDeepStrictEqual instead.",
      "license": "MIT"
    },
    "node_modules/lucide-react": {
      "version": "0.475.0",
      "resolved": "https://registry.npmjs.org/lucide-react/-/lucide-react-0.475.0.tgz",
      "integrity": "sha512-NJzvVu1HwFVeZ+Gwq2q00KygM1aBhy/ZrhY9FsAgJtpB+E4R7uxRk9M2iKvHa6/vNxZydIB59htha4c2vvwvVg==",
      "license": "ISC",
      "peerDependencies": {
        "react": "^16.5.1 || ^17.0.0 || ^18.0.0 || ^19.0.0"
      }
    },
    "node_modules/parchment": {
      "version": "1.1.4",
      "resolved": "https://registry.npmjs.org/parchment/-/parchment-1.1.4.tgz",
      "integrity": "sha512-J5FBQt/pM2inLzg4hEWmzQx/8h8D0CiDxaG3vyp9rKrQRSDgBlhjdP5jQGgosEajXPSQouXGHOmVdgo7QmJuOg==",
      "license": "BSD-3-Clause"
    },
    "node_modules/quill": {
      "version": "2.0.3",
      "resolved": "https://registry.npmjs.org/quill/-/quill-2.0.3.tgz",
      "integrity": "sha512-xEYQBqfYx/sfb33VJiKnSJp8ehloavImQ2A6564GAbqG55PGw1dAWUn1MUbQB62t0azawUS2CZZhWCjO8gRvTw==",
      "license": "BSD-3-Clause",
      "dependencies": {
        "eventemitter3": "^5.0.1",
        "lodash-es": "^4.17.21",
        "parchment": "^3.0.0",
        "quill-delta": "^5.1.0"
      },
      "engines": {
        "npm": ">=8.2.3"
      }
    },
    "node_modules/quill-delta": {
      "version": "5.1.0",
      "resolved": "https://registry.npmjs.org/quill-delta/-/quill-delta-5.1.0.tgz",
      "integrity": "sha512-X74oCeRI4/p0ucjb5Ma8adTXd9Scumz367kkMK5V/IatcX6A0vlgLgKbzXWy5nZmCGeNJm2oQX0d2Eqj+ZIlCA==",
      "license": "MIT",
      "dependencies": {
        "fast-diff": "^1.3.0",
        "lodash.clonedeep": "^4.5.0",
        "lodash.isequal": "^4.5.0"
      },
      "engines": {
        "node": ">= 12.0.0"
      }
    },
    "node_modules/quill/node_modules/parchment": {
      "version": "3.0.0",
      "resolved": "https://registry.npmjs.org/parchment/-/parchment-3.0.0.tgz",
      "integrity": "sha512-HUrJFQ/StvgmXRcQ1ftY6VEZUq3jA2t9ncFN4F84J/vN0/FPpQF+8FKXb3l6fLces6q0uOHj6NJn+2xvZnxO6A==",
      "license": "BSD-3-Clause"
    },
    "node_modules/react": {
      "version": "19.0.0",
      "resolved": "https://registry.npmjs.org/react/-/react-19.0.0.tgz",
      "integrity": "sha512-V8AVnmPIICiWpGfm6GLzCR/W5FXLchHop40W4nXBmdlEceh16rCN8O8LNWm5bh5XUX91fh7KpA+W0TgMKmgTpQ==",
      "license": "MIT",
      "peer": true,
      "engines": {
        "node": ">=0.10.0"
      }
    }
  }
}
